
Microsoft Visual Studio Solution File, Format Version 12.00
# Visual Studio Version 17
VisualStudioVersion = 17.14.36202.13 d17.14
MinimumVisualStudioVersion = 10.0.40219.1
Project("{FAE04EC0-301F-11D3-BF4B-00C04F79EFBC}") = "MachineLinkConfig", "MachineLinkConfig.csproj", "{831DD453-B5B0-4AF5-AAAA-FFBBA75CCE99}"
EndProject
Global
	GlobalSection(SolutionConfigurationPlatforms) = preSolution
		Debug|Any CPU = Debug|Any CPU
		Release|Any CPU = Release|Any CPU
	EndGlobalSection
	GlobalSection(ProjectConfigurationPlatforms) = postSolution
		{831DD453-B5B0-4AF5-AAAA-FFBBA75CCE99}.Debug|Any CPU.ActiveCfg = Debug|Any CPU
		{831DD453-B5B0-4AF5-AAAA-FFBBA75CCE99}.Debug|Any CPU.Build.0 = Debug|Any CPU
		{831DD453-B5B0-4AF5-AAAA-FFBBA75CCE99}.Release|Any CPU.ActiveCfg = Release|Any CPU
		{831DD453-B5B0-4AF5-AAAA-FFBBA75CCE99}.Release|Any CPU.Build.0 = Release|Any CPU
	EndGlobalSection
	GlobalSection(SolutionProperties) = preSolution
		HideSolutionNode = FALSE
	EndGlobalSection
	GlobalSection(ExtensibilityGlobals) = postSolution
		SolutionGuid = {85D5D843-F8A9-43AB-A870-7A1F07A90D30}
	EndGlobalSection
EndGlobal
